// !$*UTF8*$!
{
	archiveVersion = 1;
	classes = {
	};
	objectVersion = 77;
	objects = {

/* Begin PBXBuildFile section */
		75B652592D21BD1900F8F949 /* FavoriteCharacter+CoreDataProperties.swift in Sources */ = {isa = PBXBuildFile; fileRef = 75B652582D21BD1900F8F949 /* FavoriteCharacter+CoreDataProperties.swift */; };
		75B6525A2D21BD1900F8F949 /* FavoriteCharacter+CoreDataClass.swift in Sources */ = {isa = PBXBuildFile; fileRef = 75B652572D21BD1900F8F949 /* FavoriteCharacter+CoreDataClass.swift */; };
/* End PBXBuildFile section */

/* Begin PBXContainerItemProxy section */
		758306FC2D0FE049001BF5FF /* PBXContainerItemProxy */ = {
			isa = PBXContainerItemProxy;
			containerPortal = 758306DE2D0FE047001BF5FF /* Project object */;
			proxyType = 1;
			remoteGlobalIDString = 758306E52D0FE047001BF5FF;
			remoteInfo = RickAndMorty_SwiftUI_Ultimate;
		};
		758307062D0FE049001BF5FF /* PBXContainerItemProxy */ = {
			isa = PBXContainerItemProxy;
			containerPortal = 758306DE2D0FE047001BF5FF /* Project object */;
			proxyType = 1;
			remoteGlobalIDString = 758306E52D0FE047001BF5FF;
			remoteInfo = RickAndMorty_SwiftUI_Ultimate;
		};
/* End PBXContainerItemProxy section */

/* Begin PBXFileReference section */
		758306E62D0FE047001BF5FF /* RickAndMorty_SwiftUI_Ultimate.app */ = {isa = PBXFileReference; explicitFileType = wrapper.application; includeInIndex = 0; path = RickAndMorty_SwiftUI_Ultimate.app; sourceTree = BUILT_PRODUCTS_DIR; };
		758306FB2D0FE049001BF5FF /* RickAndMorty_SwiftUI_UltimateTests.xctest */ = {isa = PBXFileReference; explicitFileType = wrapper.cfbundle; includeInIndex = 0; path = RickAndMorty_SwiftUI_UltimateTests.xctest; sourceTree = BUILT_PRODUCTS_DIR; };
		758307052D0FE049001BF5FF /* RickAndMorty_SwiftUI_UltimateUITests.xctest */ = {isa = PBXFileReference; explicitFileType = wrapper.cfbundle; includeInIndex = 0; path = RickAndMorty_SwiftUI_UltimateUITests.xctest; sourceTree = BUILT_PRODUCTS_DIR; };
		75B652572D21BD1900F8F949 /* FavoriteCharacter+CoreDataClass.swift */ = {isa = PBXFileReference; lastKnownFileType = sourcecode.swift; path = "FavoriteCharacter+CoreDataClass.swift"; sourceTree = "<group>"; };
		75B652582D21BD1900F8F949 /* FavoriteCharacter+CoreDataProperties.swift */ = {isa = PBXFileReference; lastKnownFileType = sourcecode.swift; path = "FavoriteCharacter+CoreDataProperties.swift"; sourceTree = "<group>"; };
/* End PBXFileReference section */

/* Begin PBXFileSystemSynchronizedRootGroup section */
		758306E82D0FE047001BF5FF /* RickAndMorty_SwiftUI_Ultimate */ = {
			isa = PBXFileSystemSynchronizedRootGroup;
			path = RickAndMorty_SwiftUI_Ultimate;
			sourceTree = "<group>";
		};
		758306FE2D0FE049001BF5FF /* RickAndMorty_SwiftUI_UltimateTests */ = {
			isa = PBXFileSystemSynchronizedRootGroup;
			path = RickAndMorty_SwiftUI_UltimateTests;
			sourceTree = "<group>";
		};
		758307082D0FE049001BF5FF /* RickAndMorty_SwiftUI_UltimateUITests */ = {
			isa = PBXFileSystemSynchronizedRootGroup;
			path = RickAndMorty_SwiftUI_UltimateUITests;
			sourceTree = "<group>";
		};
/* End PBXFileSystemSynchronizedRootGroup section */

/* Begin PBXFrameworksBuildPhase section */
		758306E32D0FE047001BF5FF /* Frameworks */ = {
			isa = PBXFrameworksBuildPhase;
			buildActionMask = 2147483647;
			files = (
			);
			runOnlyForDeploymentPostprocessing = 0;
		};
		758306F82D0FE049001BF5FF /* Frameworks */ = {
			isa = PBXFrameworksBuildPhase;
			buildActionMask = 2147483647;
			files = (
			);
			runOnlyForDeploymentPostprocessing = 0;
		};
		758307022D0FE049001BF5FF /* Frameworks */ = {
			isa = PBXFrameworksBuildPhase;
			buildActionMask = 2147483647;
			files = (
			);
			runOnlyForDeploymentPostprocessing = 0;
		};
/* End PBXFrameworksBuildPhase section */

/* Begin PBXGroup section */
		758306DD2D0FE047001BF5FF = {
			isa = PBXGroup;
			children = (
				75B652572D21BD1900F8F949 /* FavoriteCharacter+CoreDataClass.swift */,
				75B652582D21BD1900F8F949 /* FavoriteCharacter+CoreDataProperties.swift */,
				758306E82D0FE047001BF5FF /* RickAndMorty_SwiftUI_Ultimate */,
				758306FE2D0FE049001BF5FF /* RickAndMorty_SwiftUI_UltimateTests */,
				758307082D0FE049001BF5FF /* RickAndMorty_SwiftUI_UltimateUITests */,
				758306E72D0FE047001BF5FF /* Products */,
			);
			sourceTree = "<group>";
		};
		758306E72D0FE047001BF5FF /* Products */ = {
			isa = PBXGroup;
			children = (
				758306E62D0FE047001BF5FF /* RickAndMorty_SwiftUI_Ultimate.app */,
				758306FB2D0FE049001BF5FF /* RickAndMorty_SwiftUI_UltimateTests.xctest */,
				758307052D0FE049001BF5FF /* RickAndMorty_SwiftUI_UltimateUITests.xctest */,
			);
			name = Products;
			sourceTree = "<group>";
		};
/* End PBXGroup section */

/* Begin PBXNativeTarget section */
		758306E52D0FE047001BF5FF /* RickAndMorty_SwiftUI_Ultimate */ = {
			isa = PBXNativeTarget;
			buildConfigurationList = 7583070F2D0FE049001BF5FF /* Build configuration list for PBXNativeTarget "RickAndMorty_SwiftUI_Ultimate" */;
			buildPhases = (
				758306E22D0FE047001BF5FF /* Sources */,
				758306E32D0FE047001BF5FF /* Frameworks */,
				758306E42D0FE047001BF5FF /* Resources */,
			);
			buildRules = (
			);
			dependencies = (
			);
			fileSystemSynchronizedGroups = (
				758306E82D0FE047001BF5FF /* RickAndMorty_SwiftUI_Ultimate */,
			);
			name = RickAndMorty_SwiftUI_Ultimate;
			packageProductDependencies = (
			);
			productName = RickAndMorty_SwiftUI_Ultimate;
			productReference = 758306E62D0FE047001BF5FF /* RickAndMorty_SwiftUI_Ultimate.app */;
			productType = "com.apple.product-type.application";
		};
		758306FA2D0FE049001BF5FF /* RickAndMorty_SwiftUI_UltimateTests */ = {
			isa = PBXNativeTarget;
			buildConfigurationList = 758307122D0FE049001BF5FF /* Build configuration list for PBXNativeTarget "RickAndMorty_SwiftUI_UltimateTests" */;
			buildPhases = (
				758306F72D0FE049001BF5FF /* Sources */,
				758306F82D0FE049001BF5FF /* Frameworks */,
				758306F92D0FE049001BF5FF /* Resources */,
			);
			buildRules = (
			);
			dependencies = (
				758306FD2D0FE049001BF5FF /* PBXTargetDependency */,
			);
			fileSystemSynchronizedGroups = (
				758306FE2D0FE049001BF5FF /* RickAndMorty_SwiftUI_UltimateTests */,
			);
			name = RickAndMorty_SwiftUI_UltimateTests;
			packageProductDependencies = (
			);
			productName = RickAndMorty_SwiftUI_UltimateTests;
			productReference = 758306FB2D0FE049001BF5FF /* RickAndMorty_SwiftUI_UltimateTests.xctest */;
			productType = "com.apple.product-type.bundle.unit-test";
		};
		758307042D0FE049001BF5FF /* RickAndMorty_SwiftUI_UltimateUITests */ = {
			isa = PBXNativeTarget;
			buildConfigurationList = 758307152D0FE049001BF5FF /* Build configuration list for PBXNativeTarget "RickAndMorty_SwiftUI_UltimateUITests" */;
			buildPhases = (
				758307012D0FE049001BF5FF /* Sources */,
				758307022D0FE049001BF5FF /* Frameworks */,
				758307032D0FE049001BF5FF /* Resources */,
			);
			buildRules = (
			);
			dependencies = (
				758307072D0FE049001BF5FF /* PBXTargetDependency */,
			);
			fileSystemSynchronizedGroups = (
				758307082D0FE049001BF5FF /* RickAndMorty_SwiftUI_UltimateUITests */,
			);
			name = RickAndMorty_SwiftUI_UltimateUITests;
			packageProductDependencies = (
			);
			productName = RickAndMorty_SwiftUI_UltimateUITests;
			productReference = 758307052D0FE049001BF5FF /* RickAndMorty_SwiftUI_UltimateUITests.xctest */;
			productType = "com.apple.product-type.bundle.ui-testing";
		};
/* End PBXNativeTarget section */

/* Begin PBXProject section */
		758306DE2D0FE047001BF5FF /* Project object */ = {
			isa = PBXProject;
			attributes = {
				BuildIndependentTargetsInParallel = 1;
				LastSwiftUpdateCheck = 1620;
				LastUpgradeCheck = 1620;
				TargetAttributes = {
					758306E52D0FE047001BF5FF = {
						CreatedOnToolsVersion = 16.2;
					};
					758306FA2D0FE049001BF5FF = {
						CreatedOnToolsVersion = 16.2;
						TestTargetID = 758306E52D0FE047001BF5FF;
					};
					758307042D0FE049001BF5FF = {
						CreatedOnToolsVersion = 16.2;
						TestTargetID = 758306E52D0FE047001BF5FF;
					};
				};
			};
			buildConfigurationList = 758306E12D0FE047001BF5FF /* Build configuration list for PBXProject "RickAndMorty_SwiftUI_Ultimate" */;
			developmentRegion = en;
			hasScannedForEncodings = 0;
			knownRegions = (
				en,
				Base,
			);
			mainGroup = 758306DD2D0FE047001BF5FF;
			minimizedProjectReferenceProxies = 1;
			preferredProjectObjectVersion = 77;
			productRefGroup = 758306E72D0FE047001BF5FF /* Products */;
			projectDirPath = "";
			projectRoot = "";
			targets = (
				758306E52D0FE047001BF5FF /* RickAndMorty_SwiftUI_Ultimate */,
				758306FA2D0FE049001BF5FF /* RickAndMorty_SwiftUI_UltimateTests */,
				758307042D0FE049001BF5FF /* RickAndMorty_SwiftUI_UltimateUITests */,
			);
		};
/* End PBXProject section */

/* Begin PBXResourcesBuildPhase section */
		758306E42D0FE047001BF5FF /* Resources */ = {
			isa = PBXResourcesBuildPhase;
			buildActionMask = 2147483647;
			files = (
			);
			runOnlyForDeploymentPostprocessing = 0;
		};
		758306F92D0FE049001BF5FF /* Resources */ = {
			isa = PBXResourcesBuildPhase;
			buildActionMask = 2147483647;
			files = (
			);
			runOnlyForDeploymentPostprocessing = 0;
		};
		758307032D0FE049001BF5FF /* Resources */ = {
			isa = PBXResourcesBuildPhase;
			buildActionMask = 2147483647;
			files = (
			);
			runOnlyForDeploymentPostprocessing = 0;
		};
/* End PBXResourcesBuildPhase section */

/* Begin PBXSourcesBuildPhase section */
		758306E22D0FE047001BF5FF /* Sources */ = {
			isa = PBXSourcesBuildPhase;
			buildActionMask = 2147483647;
			files = (
				75B652592D21BD1900F8F949 /* FavoriteCharacter+CoreDataProperties.swift in Sources */,
				75B6525A2D21BD1900F8F949 /* FavoriteCharacter+CoreDataClass.swift in Sources */,
			);
			runOnlyForDeploymentPostprocessing = 0;
		};
		758306F72D0FE049001BF5FF /* Sources */ = {
			isa = PBXSourcesBuildPhase;
			buildActionMask = 2147483647;
			files = (
			);
			runOnlyForDeploymentPostprocessing = 0;
		};
		758307012D0FE049001BF5FF /* Sources */ = {
			isa = PBXSourcesBuildPhase;
			buildActionMask = 2147483647;
			files = (
			);
			runOnlyForDeploymentPostprocessing = 0;
		};
/* End PBXSourcesBuildPhase section */

/* Begin PBXTargetDependency section */
		758306FD2D0FE049001BF5FF /* PBXTargetDependency */ = {
			isa = PBXTargetDependency;
			target = 758306E52D0FE047001BF5FF /* RickAndMorty_SwiftUI_Ultimate */;
			targetProxy = 758306FC2D0FE049001BF5FF /* PBXContainerItemProxy */;
		};
		758307072D0FE049001BF5FF /* PBXTargetDependency */ = {
			isa = PBXTargetDependency;
			target = 758306E52D0FE047001BF5FF /* RickAndMorty_SwiftUI_Ultimate */;
			targetProxy = 758307062D0FE049001BF5FF /* PBXContainerItemProxy */;
		};
/* End PBXTargetDependency section */

/* Begin XCBuildConfiguration section */
		7583070D2D0FE049001BF5FF /* Debug */ = {
			isa = XCBuildConfiguration;
			buildSettings = {
				ALWAYS_SEARCH_USER_PATHS = NO;
				ASSETCATALOG_COMPILER_GENERATE_SWIFT_ASSET_SYMBOL_EXTENSIONS = YES;
				CLANG_ANALYZER_NONNULL = YES;
				CLANG_ANALYZER_NUMBER_OBJECT_CONVERSION = YES_AGGRESSIVE;
				CLANG_CXX_LANGUAGE_STANDARD = "gnu++20";
				CLANG_ENABLE_MODULES = YES;
				CLANG_ENABLE_OBJC_ARC = YES;
				CLANG_ENABLE_OBJC_WEAK = YES;
				CLANG_WARN_BLOCK_CAPTURE_AUTORELEASING = YES;
				CLANG_WARN_BOOL_CONVERSION = YES;
				CLANG_WARN_COMMA = YES;
				CLANG_WARN_CONSTANT_CONVERSION = YES;
				CLANG_WARN_DEPRECATED_OBJC_IMPLEMENTATIONS = YES;
				CLANG_WARN_DIRECT_OBJC_ISA_USAGE = YES_ERROR;
				CLANG_WARN_DOCUMENTATION_COMMENTS = YES;
				CLANG_WARN_EMPTY_BODY = YES;
				CLANG_WARN_ENUM_CONVERSION = YES;
				CLANG_WARN_INFINITE_RECURSION = YES;
				CLANG_WARN_INT_CONVERSION = YES;
				CLANG_WARN_NON_LITERAL_NULL_CONVERSION = YES;
				CLANG_WARN_OBJC_IMPLICIT_RETAIN_SELF = YES;
				CLANG_WARN_OBJC_LITERAL_CONVERSION = YES;
				CLANG_WARN_OBJC_ROOT_CLASS = YES_ERROR;
				CLANG_WARN_QUOTED_INCLUDE_IN_FRAMEWORK_HEADER = YES;
				CLANG_WARN_RANGE_LOOP_ANALYSIS = YES;
				CLANG_WARN_STRICT_PROTOTYPES = YES;
				CLANG_WARN_SUSPICIOUS_MOVE = YES;
				CLANG_WARN_UNGUARDED_AVAILABILITY = YES_AGGRESSIVE;
				CLANG_WARN_UNREACHABLE_CODE = YES;
				CLANG_WARN__DUPLICATE_METHOD_MATCH = YES;
				COPY_PHASE_STRIP = NO;
				DEBUG_INFORMATION_FORMAT = dwarf;
				ENABLE_STRICT_OBJC_MSGSEND = YES;
				ENABLE_TESTABILITY = YES;
				ENABLE_USER_SCRIPT_SANDBOXING = YES;
				GCC_C_LANGUAGE_STANDARD = gnu17;
				GCC_DYNAMIC_NO_PIC = NO;
				GCC_NO_COMMON_BLOCKS = YES;
				GCC_OPTIMIZATION_LEVEL = 0;
				GCC_PREPROCESSOR_DEFINITIONS = (
					"DEBUG=1",
					"$(inherited)",
				);
				GCC_WARN_64_TO_32_BIT_CONVERSION = YES;
				GCC_WARN_ABOUT_RETURN_TYPE = YES_ERROR;
				GCC_WARN_UNDECLARED_SELECTOR = YES;
				GCC_WARN_UNINITIALIZED_AUTOS = YES_AGGRESSIVE;
				GCC_WARN_UNUSED_FUNCTION = YES;
				GCC_WARN_UNUSED_VARIABLE = YES;
				IPHONEOS_DEPLOYMENT_TARGET = 18.2;
				LOCALIZATION_PREFERS_STRING_CATALOGS = YES;
				MTL_ENABLE_DEBUG_INFO = INCLUDE_SOURCE;
				MTL_FAST_MATH = YES;
				ONLY_ACTIVE_ARCH = YES;
				SDKROOT = iphoneos;
				SWIFT_ACTIVE_COMPILATION_CONDITIONS = "DEBUG $(inherited)";
				SWIFT_OPTIMIZATION_LEVEL = "-Onone";
			};
			name = Debug;
		};
		7583070E2D0FE049001BF5FF /* Release */ = {
			isa = XCBuildConfiguration;
			buildSettings = {
				ALWAYS_SEARCH_USER_PATHS = NO;
				ASSETCATALOG_COMPILER_GENERATE_SWIFT_ASSET_SYMBOL_EXTENSIONS = YES;
				CLANG_ANALYZER_NONNULL = YES;
				CLANG_ANALYZER_NUMBER_OBJECT_CONVERSION = YES_AGGRESSIVE;
				CLANG_CXX_LANGUAGE_STANDARD = "gnu++20";
				CLANG_ENABLE_MODULES = YES;
				CLANG_ENABLE_OBJC_ARC = YES;
				CLANG_ENABLE_OBJC_WEAK = YES;
				CLANG_WARN_BLOCK_CAPTURE_AUTORELEASING = YES;
				CLANG_WARN_BOOL_CONVERSION = YES;
				CLANG_WARN_COMMA = YES;
				CLANG_WARN_CONSTANT_CONVERSION = YES;
				CLANG_WARN_DEPRECATED_OBJC_IMPLEMENTATIONS = YES;
				CLANG_WARN_DIRECT_OBJC_ISA_USAGE = YES_ERROR;
				CLANG_WARN_DOCUMENTATION_COMMENTS = YES;
				CLANG_WARN_EMPTY_BODY = YES;
				CLANG_WARN_ENUM_CONVERSION = YES;
				CLANG_WARN_INFINITE_RECURSION = YES;
				CLANG_WARN_INT_CONVERSION = YES;
				CLANG_WARN_NON_LITERAL_NULL_CONVERSION = YES;
				CLANG_WARN_OBJC_IMPLICIT_RETAIN_SELF = YES;
				CLANG_WARN_OBJC_LITERAL_CONVERSION = YES;
				CLANG_WARN_OBJC_ROOT_CLASS = YES_ERROR;
				CLANG_WARN_QUOTED_INCLUDE_IN_FRAMEWORK_HEADER = YES;
				CLANG_WARN_RANGE_LOOP_ANALYSIS = YES;
				CLANG_WARN_STRICT_PROTOTYPES = YES;
				CLANG_WARN_SUSPICIOUS_MOVE = YES;
				CLANG_WARN_UNGUARDED_AVAILABILITY = YES_AGGRESSIVE;
				CLANG_WARN_UNREACHABLE_CODE = YES;
				CLANG_WARN__DUPLICATE_METHOD_MATCH = YES;
				COPY_PHASE_STRIP = NO;
				DEBUG_INFORMATION_FORMAT = "dwarf-with-dsym";
				ENABLE_NS_ASSERTIONS = NO;
				ENABLE_STRICT_OBJC_MSGSEND = YES;
				ENABLE_USER_SCRIPT_SANDBOXING = YES;
				GCC_C_LANGUAGE_STANDARD = gnu17;
				GCC_NO_COMMON_BLOCKS = YES;
				GCC_WARN_64_TO_32_BIT_CONVERSION = YES;
				GCC_WARN_ABOUT_RETURN_TYPE = YES_ERROR;
				GCC_WARN_UNDECLARED_SELECTOR = YES;
				GCC_WARN_UNINITIALIZED_AUTOS = YES_AGGRESSIVE;
				GCC_WARN_UNUSED_FUNCTION = YES;
				GCC_WARN_UNUSED_VARIABLE = YES;
				IPHONEOS_DEPLOYMENT_TARGET = 18.2;
				LOCALIZATION_PREFERS_STRING_CATALOGS = YES;
				MTL_ENABLE_DEBUG_INFO = NO;
				MTL_FAST_MATH = YES;
				SDKROOT = iphoneos;
				SWIFT_COMPILATION_MODE = wholemodule;
				VALIDATE_PRODUCT = YES;
			};
			name = Release;
		};
		758307102D0FE049001BF5FF /* Debug */ = {
			isa = XCBuildConfiguration;
			buildSettings = {
				ASSETCATALOG_COMPILER_APPICON_NAME = AppIcon;
				ASSETCATALOG_COMPILER_GLOBAL_ACCENT_COLOR_NAME = AccentColor;
				CODE_SIGN_STYLE = Automatic;
				CURRENT_PROJECT_VERSION = 1;
				DEVELOPMENT_ASSET_PATHS = "\"RickAndMorty_SwiftUI_Ultimate/Preview Content\"";
				DEVELOPMENT_TEAM = 7S5265879N;
				ENABLE_PREVIEWS = YES;
				GENERATE_INFOPLIST_FILE = YES;
				INFOPLIST_KEY_UIApplicationSceneManifest_Generation = YES;
				INFOPLIST_KEY_UIApplicationSupportsIndirectInputEvents = YES;
				INFOPLIST_KEY_UILaunchScreen_Generation = YES;
				INFOPLIST_KEY_UISupportedInterfaceOrientations_iPad = "UIInterfaceOrientationPortrait UIInterfaceOrientationPortraitUpsideDown UIInterfaceOrientationLandscapeLeft UIInterfaceOrientationLandscapeRight";
				INFOPLIST_KEY_UISupportedInterfaceOrientations_iPhone = "UIInterfaceOrientationPortrait UIInterfaceOrientationLandscapeLeft UIInterfaceOrientationLandscapeRight";
				LD_RUNPATH_SEARCH_PATHS = (
					"$(inherited)",
					"@executable_path/Frameworks",
				);
				MARKETING_VERSION = 1.0;
				PRODUCT_BUNDLE_IDENTIFIER = "RobertoMoran.RickAndMorty-SwiftUI-Ultimate";
				PRODUCT_NAME = "$(TARGET_NAME)";
				SWIFT_EMIT_LOC_STRINGS = YES;
				SWIFT_VERSION = 5.0;
				TARGETED_DEVICE_FAMILY = "1,2";
			};
			name = Debug;
		};
		758307112D0FE049001BF5FF /* Release */ = {
			isa = XCBuildConfiguration;
			buildSettings = {
				ASSETCATALOG_COMPILER_APPICON_NAME = AppIcon;
				ASSETCATALOG_COMPILER_GLOBAL_ACCENT_COLOR_NAME = AccentColor;
				CODE_SIGN_STYLE = Automatic;
				CURRENT_PROJECT_VERSION = 1;
				DEVELOPMENT_ASSET_PATHS = "\"RickAndMorty_SwiftUI_Ultimate/Preview Content\"";
				DEVELOPMENT_TEAM = 7S5265879N;
				ENABLE_PREVIEWS = YES;
				GENERATE_INFOPLIST_FILE = YES;
				INFOPLIST_KEY_UIApplicationSceneManifest_Generation = YES;
				INFOPLIST_KEY_UIApplicationSupportsIndirectInputEvents = YES;
				INFOPLIST_KEY_UILaunchScreen_Generation = YES;
				INFOPLIST_KEY_UISupportedInterfaceOrientations_iPad = "UIInterfaceOrientationPortrait UIInterfaceOrientationPortraitUpsideDown UIInterfaceOrientationLandscapeLeft UIInterfaceOrientationLandscapeRight";
				INFOPLIST_KEY_UISupportedInterfaceOrientations_iPhone = "UIInterfaceOrientationPortrait UIInterfaceOrientationLandscapeLeft UIInterfaceOrientationLandscapeRight";
				LD_RUNPATH_SEARCH_PATHS = (
					"$(inherited)",
					"@executable_path/Frameworks",
				);
				MARKETING_VERSION = 1.0;
				PRODUCT_BUNDLE_IDENTIFIER = "RobertoMoran.RickAndMorty-SwiftUI-Ultimate";
				PRODUCT_NAME = "$(TARGET_NAME)";
				SWIFT_EMIT_LOC_STRINGS = YES;
				SWIFT_VERSION = 5.0;
				TARGETED_DEVICE_FAMILY = "1,2";
			};
			name = Release;
		};
		758307132D0FE049001BF5FF /* Debug */ = {
			isa = XCBuildConfiguration;
			buildSettings = {
				BUNDLE_LOADER = "$(TEST_HOST)";
				CODE_SIGN_STYLE = Automatic;
				CURRENT_PROJECT_VERSION = 1;
				DEVELOPMENT_TEAM = 7S5265879N;
				GENERATE_INFOPLIST_FILE = YES;
				IPHONEOS_DEPLOYMENT_TARGET = 18.2;
				MARKETING_VERSION = 1.0;
				PRODUCT_BUNDLE_IDENTIFIER = "RobertoMoran.RickAndMorty-SwiftUI-UltimateTests";
				PRODUCT_NAME = "$(TARGET_NAME)";
				SWIFT_EMIT_LOC_STRINGS = NO;
				SWIFT_VERSION = 5.0;
				TARGETED_DEVICE_FAMILY = "1,2";
				TEST_HOST = "$(BUILT_PRODUCTS_DIR)/RickAndMorty_SwiftUI_Ultimate.app/$(BUNDLE_EXECUTABLE_FOLDER_PATH)/RickAndMorty_SwiftUI_Ultimate";
			};
			name = Debug;
		};
		758307142D0FE049001BF5FF /* Release */ = {
			isa = XCBuildConfiguration;
			buildSettings = {
				BUNDLE_LOADER = "$(TEST_HOST)";
				CODE_SIGN_STYLE = Automatic;
				CURRENT_PROJECT_VERSION = 1;
				DEVELOPMENT_TEAM = 7S5265879N;
				GENERATE_INFOPLIST_FILE = YES;
				IPHONEOS_DEPLOYMENT_TARGET = 18.2;
				MARKETING_VERSION = 1.0;
				PRODUCT_BUNDLE_IDENTIFIER = "RobertoMoran.RickAndMorty-SwiftUI-UltimateTests";
				PRODUCT_NAME = "$(TARGET_NAME)";
				SWIFT_EMIT_LOC_STRINGS = NO;
				SWIFT_VERSION = 5.0;
				TARGETED_DEVICE_FAMILY = "1,2";
				TEST_HOST = "$(BUILT_PRODUCTS_DIR)/RickAndMorty_SwiftUI_Ultimate.app/$(BUNDLE_EXECUTABLE_FOLDER_PATH)/RickAndMorty_SwiftUI_Ultimate";
			};
			name = Release;
		};
		758307162D0FE049001BF5FF /* Debug */ = {
			isa = XCBuildConfiguration;
			buildSettings = {
				CODE_SIGN_STYLE = Automatic;
				CURRENT_PROJECT_VERSION = 1;
				DEVELOPMENT_TEAM = 7S5265879N;
				GENERATE_INFOPLIST_FILE = YES;
				MARKETING_VERSION = 1.0;
				PRODUCT_BUNDLE_IDENTIFIER = "RobertoMoran.RickAndMorty-SwiftUI-UltimateUITests";
				PRODUCT_NAME = "$(TARGET_NAME)";
				SWIFT_EMIT_LOC_STRINGS = NO;
				SWIFT_VERSION = 5.0;
				TARGETED_DEVICE_FAMILY = "1,2";
				TEST_TARGET_NAME = RickAndMorty_SwiftUI_Ultimate;
			};
			name = Debug;
		};
		758307172D0FE049001BF5FF /* Release */ = {
			isa = XCBuildConfiguration;
			buildSettings = {
				CODE_SIGN_STYLE = Automatic;
				CURRENT_PROJECT_VERSION = 1;
				DEVELOPMENT_TEAM = 7S5265879N;
				GENERATE_INFOPLIST_FILE = YES;
				MARKETING_VERSION = 1.0;
				PRODUCT_BUNDLE_IDENTIFIER = "RobertoMoran.RickAndMorty-SwiftUI-UltimateUITests";
				PRODUCT_NAME = "$(TARGET_NAME)";
				SWIFT_EMIT_LOC_STRINGS = NO;
				SWIFT_VERSION = 5.0;
				TARGETED_DEVICE_FAMILY = "1,2";
				TEST_TARGET_NAME = RickAndMorty_SwiftUI_Ultimate;
			};
			name = Release;
		};
/* End XCBuildConfiguration section */

/* Begin XCConfigurationList section */
		758306E12D0FE047001BF5FF /* Build configuration list for PBXProject "RickAndMorty_SwiftUI_Ultimate" */ = {
			isa = XCConfigurationList;
			buildConfigurations = (
				7583070D2D0FE049001BF5FF /* Debug */,
				7583070E2D0FE049001BF5FF /* Release */,
			);
			defaultConfigurationIsVisible = 0;
			defaultConfigurationName = Release;
		};
		7583070F2D0FE049001BF5FF /* Build configuration list for PBXNativeTarget "RickAndMorty_SwiftUI_Ultimate" */ = {
			isa = XCConfigurationList;
			buildConfigurations = (
				758307102D0FE049001BF5FF /* Debug */,
				758307112D0FE049001BF5FF /* Release */,
			);
			defaultConfigurationIsVisible = 0;
			defaultConfigurationName = Release;
		};
		758307122D0FE049001BF5FF /* Build configuration list for PBXNativeTarget "RickAndMorty_SwiftUI_UltimateTests" */ = {
			isa = XCConfigurationList;
			buildConfigurations = (
				758307132D0FE049001BF5FF /* Debug */,
				758307142D0FE049001BF5FF /* Release */,
			);
			defaultConfigurationIsVisible = 0;
			defaultConfigurationName = Release;
		};
		758307152D0FE049001BF5FF /* Build configuration list for PBXNativeTarget "RickAndMorty_SwiftUI_UltimateUITests" */ = {
			isa = XCConfigurationList;
			buildConfigurations = (
				758307162D0FE049001BF5FF /* Debug */,
				758307172D0FE049001BF5FF /* Release */,
			);
			defaultConfigurationIsVisible = 0;
			defaultConfigurationName = Release;
		};
/* End XCConfigurationList section */
	};
	rootObject = 758306DE2D0FE047001BF5FF /* Project object */;
}
